schema: '2.0'
stages:
  data_cleaning:
    cmd: python src/data/data_cleaning.py
    deps:
    - path: data/raw/swiggy.csv
      hash: md5
      md5: 0b050b37dfe6cfbfaa18d7cb4e454377
      size: 7772212
    - path: src/data/data_cleaning.py
      hash: md5
      md5: c83d4396390740a23b6eda9c88a9b317
      size: 9262
    outs:
    - path: data/cleaned/swiggy_cleaned.csv
      hash: md5
      md5: 355332e2d9978b88f83b0a50fe6aedb5
      size: 4463056
  data_preparation:
    cmd: python src/data/data_preparation.py
    deps:
    - path: data/cleaned/swiggy_cleaned.csv
      hash: md5
      md5: 355332e2d9978b88f83b0a50fe6aedb5
      size: 4463056
    - path: src/data/data_preparation.py
      hash: md5
      md5: ab54c9846dbe68106305492ebd7c11b3
      size: 2915
    params:
      params.yaml:
        Data_Preparation.random_state: 28
        Data_Preparation.test_size: 0.2
    outs:
    - path: data/interim/test.csv
      hash: md5
      md5: 71802c7cd25724f819df1056fd6f85fd
      size: 892155
    - path: data/interim/train.csv
      hash: md5
      md5: 065f6aa3843de14cc5f9c84ba23b9d9a
      size: 3569091
  data_preprocessing:
    cmd: python src/features/data_preprocessing.py
    deps:
    - path: data/interim/test.csv
      hash: md5
      md5: 71802c7cd25724f819df1056fd6f85fd
      size: 892155
    - path: data/interim/train.csv
      hash: md5
      md5: 065f6aa3843de14cc5f9c84ba23b9d9a
      size: 3569091
    - path: src/features/data_preprocessing.py
      hash: md5
      md5: 792dd91bc6d45f4d247918acdfa65701
      size: 6759
    outs:
    - path: data/processed/test_trans.csv
      hash: md5
      md5: e088d30ba1aca71b5286e5032e27cdc1
      size: 1076563
    - path: data/processed/train_trans.csv
      hash: md5
      md5: ead578c6c6c7df649c7a01e6490dfe77
      size: 4304446
    - path: models/preprocessor.joblib
      hash: md5
      md5: 34c9199b13a0090b0c09935851b5527b
      size: 7243
  train:
    cmd: python src/models/train.py
    deps:
    - path: data/processed/train_trans.csv
      hash: md5
      md5: ead578c6c6c7df649c7a01e6490dfe77
      size: 4304446
    - path: src/models/train.py
      hash: md5
      md5: dfc13bc04bbfdda3ceca398400c7b62f
      size: 4752
    params:
      params.yaml:
        Train.LightGBM:
          n_estimators: 189
          max_depth: 26
          learning_rate: 0.6487576851269139
          subsample: 0.879352229490535
          min_child_weight: 16
          min_split_gain: 0.037263001442866345
          reg_lambda: 28.864188304904502
          n_jobs: -1
        Train.Random_Forest:
          n_estimators: 320
          criterion: squared_error
          max_depth: 29
          max_features:
          min_samples_split: 6
          min_samples_leaf: 5
          max_samples: 0.6966716265758868
          verbose: 1
          n_jobs: -1
    outs:
    - path: models/model.joblib
      hash: md5
      md5: 097f1c66a9d99c357ac1bd2d74d062c6
      size: 111225848
    - path: models/power_transformer.joblib
      hash: md5
      md5: 74c4262213ae70504f0bc87af5817d63
      size: 837
    - path: models/stacking_regressor.joblib
      hash: md5
      md5: 7bed702358e32d5a96211a8020a4d79e
      size: 111211738
  evaluation:
    cmd: python src/models/evaluation.py
    deps:
    - path: data/processed/test_trans.csv
      hash: md5
      md5: e088d30ba1aca71b5286e5032e27cdc1
      size: 1076563
    - path: data/processed/train_trans.csv
      hash: md5
      md5: ead578c6c6c7df649c7a01e6490dfe77
      size: 4304446
    - path: models/model.joblib
      hash: md5
      md5: 097f1c66a9d99c357ac1bd2d74d062c6
      size: 111225848
    - path: src/models/evaluation.py
      hash: md5
      md5: 0148c13ed06e2eef00c07221c3469923
      size: 5851
    outs:
    - path: run_information.json
      hash: md5
      md5: 2ddba79e8c514a89ea774082efd7a7c5
      size: 216
  register_model:
    cmd: python src/models/register_model.py
    deps:
    - path: run_information.json
      hash: md5
      md5: 2ddba79e8c514a89ea774082efd7a7c5
      size: 216
    - path: src/models/register_model.py
      hash: md5
      md5: b747f1eda0e0f54df4fc614899057d50
      size: 2109
