schema: '2.0'
stages:
  data_cleaning:
    cmd: python src/data/data_cleaning.py
    deps:
    - path: data/raw/swiggy.csv
      hash: md5
      md5: 0b050b37dfe6cfbfaa18d7cb4e454377
      size: 7772212
    - path: src/data/data_cleaning.py
      hash: md5
      md5: c83d4396390740a23b6eda9c88a9b317
      size: 9262
    outs:
    - path: data/cleaned/swiggy_cleaned.csv
      hash: md5
      md5: 355332e2d9978b88f83b0a50fe6aedb5
      size: 4463056
  data_preparation:
    cmd: python src/data/data_preparation.py
    deps:
    - path: data/cleaned/swiggy_cleaned.csv
      hash: md5
      md5: 355332e2d9978b88f83b0a50fe6aedb5
      size: 4463056
    - path: src/data/data_preparation.py
      hash: md5
      md5: ab54c9846dbe68106305492ebd7c11b3
      size: 2915
    params:
      params.yaml:
        Data_Preparation.random_state: 28
        Data_Preparation.test_size: 0.23
    outs:
    - path: data/interim/test.csv
      hash: md5
      md5: d980b4431958adeeac08cede2fa0f007
      size: 1025758
    - path: data/interim/train.csv
      hash: md5
      md5: 56ea7c0d783a8660ca9c4c4068f75c0f
      size: 3435488
  data_preprocessing:
    cmd: python src/features/data_preprocessing.py
    deps:
    - path: data/interim/test.csv
      hash: md5
      md5: d980b4431958adeeac08cede2fa0f007
      size: 1025758
    - path: data/interim/train.csv
      hash: md5
      md5: 56ea7c0d783a8660ca9c4c4068f75c0f
      size: 3435488
    - path: src/features/data_preprocessing.py
      hash: md5
      md5: 792dd91bc6d45f4d247918acdfa65701
      size: 6759
    outs:
    - path: data/processed/test_trans.csv
      hash: md5
      md5: 5a08cf8b3aee0169e80b7686cc1024c0
      size: 1238130
    - path: data/processed/train_trans.csv
      hash: md5
      md5: 62b5567f7a07b84a553cb119f2a2925e
      size: 4142879
    - path: models/preprocessor.joblib
      hash: md5
      md5: 742bb6a59f4e4f7165b5689fe1948a5c
      size: 7243
  train:
    cmd: python src/models/train.py
    deps:
    - path: data/processed/train_trans.csv
      hash: md5
      md5: 62b5567f7a07b84a553cb119f2a2925e
      size: 4142879
    - path: src/models/train.py
      hash: md5
      md5: dfc13bc04bbfdda3ceca398400c7b62f
      size: 4752
    params:
      params.yaml:
        Train.LightGBM:
          n_estimators: 189
          max_depth: 26
          learning_rate: 0.6487576851269139
          subsample: 0.879352229490535
          min_child_weight: 16
          min_split_gain: 0.037263001442866345
          reg_lambda: 28.864188304904502
          n_jobs: -1
        Train.Random_Forest:
          n_estimators: 320
          criterion: squared_error
          max_depth: 29
          max_features:
          min_samples_split: 6
          min_samples_leaf: 5
          max_samples: 0.6966716265758868
          verbose: 1
          n_jobs: -1
    outs:
    - path: models/model.joblib
      hash: md5
      md5: 4d24cf58025280ead1a563b85db0c3ef
      size: 107070696
    - path: models/power_transformer.joblib
      hash: md5
      md5: 439b67833cd323be684dd85c971af2e8
      size: 837
    - path: models/stacking_regressor.joblib
      hash: md5
      md5: 2822658be4a93581307e12e0b50262f6
      size: 107056586
  evaluation:
    cmd: python src/models/evaluation.py
    deps:
    - path: data/processed/test_trans.csv
      hash: md5
      md5: 5a08cf8b3aee0169e80b7686cc1024c0
      size: 1238130
    - path: data/processed/train_trans.csv
      hash: md5
      md5: 62b5567f7a07b84a553cb119f2a2925e
      size: 4142879
    - path: models/model.joblib
      hash: md5
      md5: 4d24cf58025280ead1a563b85db0c3ef
      size: 107070696
    - path: src/models/evaluation.py
      hash: md5
      md5: 0148c13ed06e2eef00c07221c3469923
      size: 5851
    outs:
    - path: run_information.json
      hash: md5
      md5: 8e8512865078de15743122d3a22b203d
      size: 216
  register_model:
    cmd: python src/models/register_model.py
    deps:
    - path: run_information.json
      hash: md5
      md5: 8e8512865078de15743122d3a22b203d
      size: 216
    - path: src/models/register_model.py
      hash: md5
      md5: b747f1eda0e0f54df4fc614899057d50
      size: 2109
