schema: '2.0'
stages:
  data_cleaning:
    cmd: python src/data/data_cleaning.py
    deps:
    - path: data/raw/swiggy.csv
      hash: md5
      md5: 0b050b37dfe6cfbfaa18d7cb4e454377
      size: 7772212
    - path: src/data/data_cleaning.py
      hash: md5
      md5: c83d4396390740a23b6eda9c88a9b317
      size: 9262
    outs:
    - path: data/cleaned/swiggy_cleaned.csv
      hash: md5
      md5: 355332e2d9978b88f83b0a50fe6aedb5
      size: 4463056
  data_preparation:
    cmd: python src/data/data_preparation.py
    deps:
    - path: data/cleaned/swiggy_cleaned.csv
      hash: md5
      md5: 355332e2d9978b88f83b0a50fe6aedb5
      size: 4463056
    - path: src/data/data_preparation.py
      hash: md5
      md5: ab54c9846dbe68106305492ebd7c11b3
      size: 2915
    params:
      params.yaml:
        Data_Preparation.random_state: 1
        Data_Preparation.test_size: 0.25
    outs:
    - path: data/interim/test.csv
      hash: md5
      md5: f9fba9f35185cb4d2eeb4dea0e484bba
      size: 1115545
    - path: data/interim/train.csv
      hash: md5
      md5: 7bc36ac65841ede14c8e5925db5b3bfb
      size: 3345701
  data_preprocessing:
    cmd: python src/features/data_preprocessing.py
    deps:
    - path: data/interim/test.csv
      hash: md5
      md5: f9fba9f35185cb4d2eeb4dea0e484bba
      size: 1115545
    - path: data/interim/train.csv
      hash: md5
      md5: 7bc36ac65841ede14c8e5925db5b3bfb
      size: 3345701
    - path: src/features/data_preprocessing.py
      hash: md5
      md5: 792dd91bc6d45f4d247918acdfa65701
      size: 6759
    outs:
    - path: data/processed/test_trans.csv
      hash: md5
      md5: 2424f6b929b8407d3aeb462fd91f7f67
      size: 1352239
    - path: data/processed/train_trans.csv
      hash: md5
      md5: 7388414361112b4bc417cd5314bbc4ca
      size: 4028770
    - path: models/preprocessor.joblib
      hash: md5
      md5: b0b96d3907c6bea62b554b4690dc2228
      size: 7243
  train:
    cmd: python src/models/train.py
    deps:
    - path: data/processed/train_trans.csv
      hash: md5
      md5: 7388414361112b4bc417cd5314bbc4ca
      size: 4028770
    - path: src/models/train.py
      hash: md5
      md5: dfc13bc04bbfdda3ceca398400c7b62f
      size: 4752
    params:
      params.yaml:
        Train.LightGBM:
          n_estimators: 189
          max_depth: 26
          learning_rate: 0.6487576851269139
          subsample: 0.879352229490535
          min_child_weight: 16
          min_split_gain: 0.037263001442866345
          reg_lambda: 28.864188304904502
          n_jobs: -1
        Train.Random_Forest:
          n_estimators: 320
          criterion: squared_error
          max_depth: 29
          max_features:
          min_samples_split: 6
          min_samples_leaf: 5
          max_samples: 0.6966716265758868
          verbose: 1
          n_jobs: -1
    outs:
    - path: models/model.joblib
      hash: md5
      md5: 93921f4858236af2554acfaeb571399f
      size: 104107064
    - path: models/power_transformer.joblib
      hash: md5
      md5: 7b11202ab1a9ed1b53e2de16c7c03c09
      size: 837
    - path: models/stacking_regressor.joblib
      hash: md5
      md5: fabe27d7e9eac0c50539fa00b803dd3c
      size: 104092954
  evaluation:
    cmd: python src/models/evaluation.py
    deps:
    - path: data/processed/test_trans.csv
      hash: md5
      md5: 2424f6b929b8407d3aeb462fd91f7f67
      size: 1352239
    - path: data/processed/train_trans.csv
      hash: md5
      md5: 7388414361112b4bc417cd5314bbc4ca
      size: 4028770
    - path: models/model.joblib
      hash: md5
      md5: 93921f4858236af2554acfaeb571399f
      size: 104107064
    - path: src/models/evaluation.py
      hash: md5
      md5: 0148c13ed06e2eef00c07221c3469923
      size: 5851
    outs:
    - path: run_information.json
      hash: md5
      md5: f4f58c60d405255a3afb78a7da59b4e5
      size: 216
  register_model:
    cmd: python src/models/register_model.py
    deps:
    - path: run_information.json
      hash: md5
      md5: f4f58c60d405255a3afb78a7da59b4e5
      size: 216
    - path: src/models/register_model.py
      hash: md5
      md5: b747f1eda0e0f54df4fc614899057d50
      size: 2109
